// !$*UTF8*$!
{
	archiveVersion = 1;
	classes = {
	};
	objectVersion = 50;
	objects = {

/* Begin PBXBuildFile section */
		040D4B6E220E9A6800106F1B /* CharactersTableViewHeaderFooterView.swift in Sources */ = {isa = PBXBuildFile; fileRef = 040D4B6D220E9A6800106F1B /* CharactersTableViewHeaderFooterView.swift */; };
		040D4B70220E9AD500106F1B /* CharactersTableViewHeaderFooterView.xib in Resources */ = {isa = PBXBuildFile; fileRef = 040D4B6F220E9AD500106F1B /* CharactersTableViewHeaderFooterView.xib */; };
		040D4B72220FE38D00106F1B /* MasterViewController.swift in Sources */ = {isa = PBXBuildFile; fileRef = 040D4B71220FE38C00106F1B /* MasterViewController.swift */; };
		040D4B742210879500106F1B /* CharactersListViewController.swift in Sources */ = {isa = PBXBuildFile; fileRef = 040D4B732210879400106F1B /* CharactersListViewController.swift */; };
		040D4B762210990700106F1B /* CharactersGalleryViewController.swift in Sources */ = {isa = PBXBuildFile; fileRef = 040D4B752210990700106F1B /* CharactersGalleryViewController.swift */; };
		040D4B792210A53000106F1B /* CharacterCollectionViewCell.swift in Sources */ = {isa = PBXBuildFile; fileRef = 040D4B772210A52F00106F1B /* CharacterCollectionViewCell.swift */; };
		040D4B7A2210A53000106F1B /* CharacterCollectionViewCell.xib in Resources */ = {isa = PBXBuildFile; fileRef = 040D4B782210A52F00106F1B /* CharacterCollectionViewCell.xib */; };
		044639E222110E9F0071F49D /* FavoriteTableViewCell.swift in Sources */ = {isa = PBXBuildFile; fileRef = 044639E122110E9F0071F49D /* FavoriteTableViewCell.swift */; };
		04B8CAFD220CDBCE00B870FB /* CharacterCellTableViewCell.swift in Sources */ = {isa = PBXBuildFile; fileRef = 04B8CAFC220CDBCE00B870FB /* CharacterCellTableViewCell.swift */; };
		3D1463C0220CD11800BE1E0F /* Config.plist in Resources */ = {isa = PBXBuildFile; fileRef = 3D1463BF220CD11800BE1E0F /* Config.plist */; };
		3D1AB042220B97BD0056C9C1 /* CharacterViewModel.swift in Sources */ = {isa = PBXBuildFile; fileRef = 3D1AB041220B97BD0056C9C1 /* CharacterViewModel.swift */; };
		3D802D73220B4705009A34B5 /* AppDelegate.swift in Sources */ = {isa = PBXBuildFile; fileRef = 3D802D72220B4705009A34B5 /* AppDelegate.swift */; };
		3D802D75220B4705009A34B5 /* FirstViewController.swift in Sources */ = {isa = PBXBuildFile; fileRef = 3D802D74220B4705009A34B5 /* FirstViewController.swift */; };
		3D802D77220B4705009A34B5 /* FavoriteViewController.swift in Sources */ = {isa = PBXBuildFile; fileRef = 3D802D76220B4705009A34B5 /* FavoriteViewController.swift */; };
		3D802D7A220B4705009A34B5 /* Main.storyboard in Resources */ = {isa = PBXBuildFile; fileRef = 3D802D78220B4705009A34B5 /* Main.storyboard */; };
		3D802D7C220B4706009A34B5 /* Assets.xcassets in Resources */ = {isa = PBXBuildFile; fileRef = 3D802D7B220B4706009A34B5 /* Assets.xcassets */; };
		3D802D7F220B4706009A34B5 /* LaunchScreen.storyboard in Resources */ = {isa = PBXBuildFile; fileRef = 3D802D7D220B4706009A34B5 /* LaunchScreen.storyboard */; };
		3D802D8B220B4775009A34B5 /* AppDelegate.swift in Sources */ = {isa = PBXBuildFile; fileRef = 3D802D8A220B4775009A34B5 /* AppDelegate.swift */; };
		3D802D8D220B4775009A34B5 /* FirstViewController.swift in Sources */ = {isa = PBXBuildFile; fileRef = 3D802D8C220B4775009A34B5 /* FirstViewController.swift */; };
		3D802D8F220B4775009A34B5 /* SecondViewController.swift in Sources */ = {isa = PBXBuildFile; fileRef = 3D802D8E220B4775009A34B5 /* SecondViewController.swift */; };
		3D802D92220B4775009A34B5 /* Main.storyboard in Resources */ = {isa = PBXBuildFile; fileRef = 3D802D90220B4775009A34B5 /* Main.storyboard */; };
		3D802D94220B4776009A34B5 /* Assets.xcassets in Resources */ = {isa = PBXBuildFile; fileRef = 3D802D93220B4776009A34B5 /* Assets.xcassets */; };
		3D802D97220B4776009A34B5 /* LaunchScreen.storyboard in Resources */ = {isa = PBXBuildFile; fileRef = 3D802D95220B4776009A34B5 /* LaunchScreen.storyboard */; };
		3DAB93A2220CCE6300B23ACA /* Config.swift in Sources */ = {isa = PBXBuildFile; fileRef = 3DAB93A1220CCE6300B23ACA /* Config.swift */; };
		3DCEEEB6220B4E720025B3B4 /* TheWireDataModel.xcdatamodeld in Sources */ = {isa = PBXBuildFile; fileRef = 3DCEEEB4220B4E720025B3B4 /* TheWireDataModel.xcdatamodeld */; };
		3DCEEEBD220B53D30025B3B4 /* SimpsonsDataModel.xcdatamodeld in Sources */ = {isa = PBXBuildFile; fileRef = 3DCEEEBB220B53D30025B3B4 /* SimpsonsDataModel.xcdatamodeld */; };
		3DCEEEC4220B56960025B3B4 /* SimpsonsCharacter+CoreDataClass.swift in Sources */ = {isa = PBXBuildFile; fileRef = 3DCEEEC2220B56960025B3B4 /* SimpsonsCharacter+CoreDataClass.swift */; };
		3DCEEEC5220B56960025B3B4 /* SimpsonsCharacter+CoreDataProperties.swift in Sources */ = {isa = PBXBuildFile; fileRef = 3DCEEEC3220B56960025B3B4 /* SimpsonsCharacter+CoreDataProperties.swift */; };
		3DCEEECD220B6CC90025B3B4 /* TheWireCharacter+CoreDataClass.swift in Sources */ = {isa = PBXBuildFile; fileRef = 3DCEEECB220B6CC90025B3B4 /* TheWireCharacter+CoreDataClass.swift */; };
		3DCEEECE220B6CC90025B3B4 /* TheWireCharacter+CoreDataProperties.swift in Sources */ = {isa = PBXBuildFile; fileRef = 3DCEEECC220B6CC90025B3B4 /* TheWireCharacter+CoreDataProperties.swift */; };
/* End PBXBuildFile section */

/* Begin PBXFileReference section */
		040D4B6D220E9A6800106F1B /* CharactersTableViewHeaderFooterView.swift */ = {isa = PBXFileReference; lastKnownFileType = sourcecode.swift; path = CharactersTableViewHeaderFooterView.swift; sourceTree = "<group>"; };
		040D4B6F220E9AD500106F1B /* CharactersTableViewHeaderFooterView.xib */ = {isa = PBXFileReference; lastKnownFileType = file.xib; path = CharactersTableViewHeaderFooterView.xib; sourceTree = "<group>"; };
		040D4B71220FE38C00106F1B /* MasterViewController.swift */ = {isa = PBXFileReference; lastKnownFileType = sourcecode.swift; path = MasterViewController.swift; sourceTree = "<group>"; };
		040D4B732210879400106F1B /* CharactersListViewController.swift */ = {isa = PBXFileReference; lastKnownFileType = sourcecode.swift; path = CharactersListViewController.swift; sourceTree = "<group>"; };
		040D4B752210990700106F1B /* CharactersGalleryViewController.swift */ = {isa = PBXFileReference; lastKnownFileType = sourcecode.swift; path = CharactersGalleryViewController.swift; sourceTree = "<group>"; };
		040D4B772210A52F00106F1B /* CharacterCollectionViewCell.swift */ = {isa = PBXFileReference; lastKnownFileType = sourcecode.swift; path = CharacterCollectionViewCell.swift; sourceTree = "<group>"; };
		040D4B782210A52F00106F1B /* CharacterCollectionViewCell.xib */ = {isa = PBXFileReference; lastKnownFileType = file.xib; path = CharacterCollectionViewCell.xib; sourceTree = "<group>"; };
		044639E122110E9F0071F49D /* FavoriteTableViewCell.swift */ = {isa = PBXFileReference; lastKnownFileType = sourcecode.swift; path = FavoriteTableViewCell.swift; sourceTree = "<group>"; };
		04B8CAFC220CDBCE00B870FB /* CharacterCellTableViewCell.swift */ = {isa = PBXFileReference; lastKnownFileType = sourcecode.swift; path = CharacterCellTableViewCell.swift; sourceTree = "<group>"; };
		3D1463BF220CD11800BE1E0F /* Config.plist */ = {isa = PBXFileReference; fileEncoding = 4; lastKnownFileType = text.plist.xml; path = Config.plist; sourceTree = "<group>"; };
		3D1AB041220B97BD0056C9C1 /* CharacterViewModel.swift */ = {isa = PBXFileReference; lastKnownFileType = sourcecode.swift; path = CharacterViewModel.swift; sourceTree = "<group>"; };
		3D802D70220B4705009A34B5 /* The Wire Character Viewer.app */ = {isa = PBXFileReference; explicitFileType = wrapper.application; includeInIndex = 0; path = "The Wire Character Viewer.app"; sourceTree = BUILT_PRODUCTS_DIR; };
		3D802D72220B4705009A34B5 /* AppDelegate.swift */ = {isa = PBXFileReference; lastKnownFileType = sourcecode.swift; path = AppDelegate.swift; sourceTree = "<group>"; };
		3D802D74220B4705009A34B5 /* FirstViewController.swift */ = {isa = PBXFileReference; lastKnownFileType = sourcecode.swift; path = FirstViewController.swift; sourceTree = "<group>"; };
		3D802D76220B4705009A34B5 /* FavoriteViewController.swift */ = {isa = PBXFileReference; lastKnownFileType = sourcecode.swift; path = FavoriteViewController.swift; sourceTree = "<group>"; };
		3D802D79220B4705009A34B5 /* Base */ = {isa = PBXFileReference; lastKnownFileType = file.storyboard; name = Base; path = Base.lproj/Main.storyboard; sourceTree = "<group>"; };
		3D802D7B220B4706009A34B5 /* Assets.xcassets */ = {isa = PBXFileReference; lastKnownFileType = folder.assetcatalog; path = Assets.xcassets; sourceTree = "<group>"; };
		3D802D7E220B4706009A34B5 /* Base */ = {isa = PBXFileReference; lastKnownFileType = file.storyboard; name = Base; path = Base.lproj/LaunchScreen.storyboard; sourceTree = "<group>"; };
		3D802D80220B4706009A34B5 /* Info.plist */ = {isa = PBXFileReference; lastKnownFileType = text.plist.xml; path = Info.plist; sourceTree = "<group>"; };
		3D802D88220B4775009A34B5 /* Simpsons Character Viewer.app */ = {isa = PBXFileReference; explicitFileType = wrapper.application; includeInIndex = 0; path = "Simpsons Character Viewer.app"; sourceTree = BUILT_PRODUCTS_DIR; };
		3D802D8A220B4775009A34B5 /* AppDelegate.swift */ = {isa = PBXFileReference; lastKnownFileType = sourcecode.swift; path = AppDelegate.swift; sourceTree = "<group>"; };
		3D802D8C220B4775009A34B5 /* FirstViewController.swift */ = {isa = PBXFileReference; lastKnownFileType = sourcecode.swift; path = FirstViewController.swift; sourceTree = "<group>"; };
		3D802D8E220B4775009A34B5 /* SecondViewController.swift */ = {isa = PBXFileReference; lastKnownFileType = sourcecode.swift; path = SecondViewController.swift; sourceTree = "<group>"; };
		3D802D91220B4775009A34B5 /* Base */ = {isa = PBXFileReference; lastKnownFileType = file.storyboard; name = Base; path = Base.lproj/Main.storyboard; sourceTree = "<group>"; };
		3D802D93220B4776009A34B5 /* Assets.xcassets */ = {isa = PBXFileReference; lastKnownFileType = folder.assetcatalog; path = Assets.xcassets; sourceTree = "<group>"; };
		3D802D96220B4776009A34B5 /* Base */ = {isa = PBXFileReference; lastKnownFileType = file.storyboard; name = Base; path = Base.lproj/LaunchScreen.storyboard; sourceTree = "<group>"; };
		3D802D98220B4776009A34B5 /* Info.plist */ = {isa = PBXFileReference; lastKnownFileType = text.plist.xml; path = Info.plist; sourceTree = "<group>"; };
		3DAB93A1220CCE6300B23ACA /* Config.swift */ = {isa = PBXFileReference; fileEncoding = 4; lastKnownFileType = sourcecode.swift; path = Config.swift; sourceTree = "<group>"; };
		3DCEEEB5220B4E720025B3B4 /* TheWireDataModel.xcdatamodel */ = {isa = PBXFileReference; lastKnownFileType = wrapper.xcdatamodel; path = TheWireDataModel.xcdatamodel; sourceTree = "<group>"; };
		3DCEEEBC220B53D30025B3B4 /* SimpsonsDataModel.xcdatamodel */ = {isa = PBXFileReference; lastKnownFileType = wrapper.xcdatamodel; path = SimpsonsDataModel.xcdatamodel; sourceTree = "<group>"; };
		3DCEEEC2220B56960025B3B4 /* SimpsonsCharacter+CoreDataClass.swift */ = {isa = PBXFileReference; lastKnownFileType = sourcecode.swift; path = "SimpsonsCharacter+CoreDataClass.swift"; sourceTree = "<group>"; };
		3DCEEEC3220B56960025B3B4 /* SimpsonsCharacter+CoreDataProperties.swift */ = {isa = PBXFileReference; lastKnownFileType = sourcecode.swift; path = "SimpsonsCharacter+CoreDataProperties.swift"; sourceTree = "<group>"; };
		3DCEEECB220B6CC90025B3B4 /* TheWireCharacter+CoreDataClass.swift */ = {isa = PBXFileReference; lastKnownFileType = sourcecode.swift; path = "TheWireCharacter+CoreDataClass.swift"; sourceTree = "<group>"; };
		3DCEEECC220B6CC90025B3B4 /* TheWireCharacter+CoreDataProperties.swift */ = {isa = PBXFileReference; lastKnownFileType = sourcecode.swift; path = "TheWireCharacter+CoreDataProperties.swift"; sourceTree = "<group>"; };
/* End PBXFileReference section */

/* Begin PBXFrameworksBuildPhase section */
		3D802D6D220B4705009A34B5 /* Frameworks */ = {
			isa = PBXFrameworksBuildPhase;
			buildActionMask = 2147483647;
			files = (
			);
			runOnlyForDeploymentPostprocessing = 0;
		};
		3D802D85220B4775009A34B5 /* Frameworks */ = {
			isa = PBXFrameworksBuildPhase;
			buildActionMask = 2147483647;
			files = (
			);
			runOnlyForDeploymentPostprocessing = 0;
		};
/* End PBXFrameworksBuildPhase section */

/* Begin PBXGroup section */
		3D1AB043220B97C20056C9C1 /* ViewModel */ = {
			isa = PBXGroup;
			children = (
				3D1AB041220B97BD0056C9C1 /* CharacterViewModel.swift */,
			);
			name = ViewModel;
			path = "New Group";
			sourceTree = "<group>";
		};
		3D802D4C220B469F009A34B5 = {
			isa = PBXGroup;
			children = (
				3D802D71220B4705009A34B5 /* The Wire Character Viewer */,
				3D802D89220B4775009A34B5 /* Simpsons Character Viewer */,
				3D802D56220B469F009A34B5 /* Products */,
			);
			sourceTree = "<group>";
		};
		3D802D56220B469F009A34B5 /* Products */ = {
			isa = PBXGroup;
			children = (
				3D802D70220B4705009A34B5 /* The Wire Character Viewer.app */,
				3D802D88220B4775009A34B5 /* Simpsons Character Viewer.app */,
			);
			name = Products;
			sourceTree = "<group>";
		};
		3D802D71220B4705009A34B5 /* The Wire Character Viewer */ = {
			isa = PBXGroup;
			children = (
				3D1AB043220B97C20056C9C1 /* ViewModel */,
				3DCEEEC7220B56DC0025B3B4 /* Model */,
				3D802D72220B4705009A34B5 /* AppDelegate.swift */,
				3D802D74220B4705009A34B5 /* FirstViewController.swift */,
				3D802D76220B4705009A34B5 /* FavoriteViewController.swift */,
				044639E122110E9F0071F49D /* FavoriteTableViewCell.swift */,
				040D4B71220FE38C00106F1B /* MasterViewController.swift */,
				3D802D78220B4705009A34B5 /* Main.storyboard */,
				040D4B732210879400106F1B /* CharactersListViewController.swift */,
				040D4B752210990700106F1B /* CharactersGalleryViewController.swift */,
				040D4B6D220E9A6800106F1B /* CharactersTableViewHeaderFooterView.swift */,
				040D4B6F220E9AD500106F1B /* CharactersTableViewHeaderFooterView.xib */,
				04B8CAFC220CDBCE00B870FB /* CharacterCellTableViewCell.swift */,
				040D4B772210A52F00106F1B /* CharacterCollectionViewCell.swift */,
				040D4B782210A52F00106F1B /* CharacterCollectionViewCell.xib */,
				3D802D7B220B4706009A34B5 /* Assets.xcassets */,
				3D802D7D220B4706009A34B5 /* LaunchScreen.storyboard */,
				3D802D80220B4706009A34B5 /* Info.plist */,
				3D1463BF220CD11800BE1E0F /* Config.plist */,
				3DCEEEB4220B4E720025B3B4 /* TheWireDataModel.xcdatamodeld */,
			);
			path = "The Wire Character Viewer";
			sourceTree = "<group>";
		};
		3D802D89220B4775009A34B5 /* Simpsons Character Viewer */ = {
			isa = PBXGroup;
			children = (
				3DCEEEC6220B56BD0025B3B4 /* Model */,
				3D802D8A220B4775009A34B5 /* AppDelegate.swift */,
				3D802D8C220B4775009A34B5 /* FirstViewController.swift */,
				3D802D8E220B4775009A34B5 /* SecondViewController.swift */,
				3D802D90220B4775009A34B5 /* Main.storyboard */,
				3D802D93220B4776009A34B5 /* Assets.xcassets */,
				3D802D95220B4776009A34B5 /* LaunchScreen.storyboard */,
				3D802D98220B4776009A34B5 /* Info.plist */,
				3DCEEEBB220B53D30025B3B4 /* SimpsonsDataModel.xcdatamodeld */,
			);
			path = "Simpsons Character Viewer";
			sourceTree = "<group>";
		};
		3DCEEEC6220B56BD0025B3B4 /* Model */ = {
			isa = PBXGroup;
			children = (
				3DCEEEC3220B56960025B3B4 /* SimpsonsCharacter+CoreDataProperties.swift */,
				3DCEEEC2220B56960025B3B4 /* SimpsonsCharacter+CoreDataClass.swift */,
			);
			path = Model;
			sourceTree = "<group>";
		};
		3DCEEEC7220B56DC0025B3B4 /* Model */ = {
			isa = PBXGroup;
			children = (
				3DAB93A1220CCE6300B23ACA /* Config.swift */,
				3DCEEECB220B6CC90025B3B4 /* TheWireCharacter+CoreDataClass.swift */,
				3DCEEECC220B6CC90025B3B4 /* TheWireCharacter+CoreDataProperties.swift */,
			);
			path = Model;
			sourceTree = "<group>";
		};
/* End PBXGroup section */

/* Begin PBXNativeTarget section */
		3D802D6F220B4705009A34B5 /* The Wire Character Viewer */ = {
			isa = PBXNativeTarget;
			buildConfigurationList = 3D802D81220B4706009A34B5 /* Build configuration list for PBXNativeTarget "The Wire Character Viewer" */;
			buildPhases = (
				3D802D6C220B4705009A34B5 /* Sources */,
				3D802D6D220B4705009A34B5 /* Frameworks */,
				3D802D6E220B4705009A34B5 /* Resources */,
			);
			buildRules = (
			);
			dependencies = (
			);
			name = "The Wire Character Viewer";
			productName = "The Wire Character Viewer";
			productReference = 3D802D70220B4705009A34B5 /* The Wire Character Viewer.app */;
			productType = "com.apple.product-type.application";
		};
		3D802D87220B4775009A34B5 /* Simpsons Character Viewer */ = {
			isa = PBXNativeTarget;
			buildConfigurationList = 3D802D99220B4776009A34B5 /* Build configuration list for PBXNativeTarget "Simpsons Character Viewer" */;
			buildPhases = (
				3D802D84220B4775009A34B5 /* Sources */,
				3D802D85220B4775009A34B5 /* Frameworks */,
				3D802D86220B4775009A34B5 /* Resources */,
			);
			buildRules = (
			);
			dependencies = (
			);
			name = "Simpsons Character Viewer";
			productName = "Simpsons Character Viewer";
			productReference = 3D802D88220B4775009A34B5 /* Simpsons Character Viewer.app */;
			productType = "com.apple.product-type.application";
		};
/* End PBXNativeTarget section */

/* Begin PBXProject section */
		3D802D4D220B469F009A34B5 /* Project object */ = {
			isa = PBXProject;
			attributes = {
				LastSwiftUpdateCheck = 1010;
				LastUpgradeCheck = 1010;
				ORGANIZATIONNAME = "Isai Yepez";
				TargetAttributes = {
					3D802D6F220B4705009A34B5 = {
						CreatedOnToolsVersion = 10.1;
					};
					3D802D87220B4775009A34B5 = {
						CreatedOnToolsVersion = 10.1;
					};
				};
			};
			buildConfigurationList = 3D802D50220B469F009A34B5 /* Build configuration list for PBXProject "CharacterViewer" */;
			compatibilityVersion = "Xcode 9.3";
			developmentRegion = en;
			hasScannedForEncodings = 0;
			knownRegions = (
				en,
				Base,
			);
			mainGroup = 3D802D4C220B469F009A34B5;
			productRefGroup = 3D802D56220B469F009A34B5 /* Products */;
			projectDirPath = "";
			projectRoot = "";
			targets = (
				3D802D6F220B4705009A34B5 /* The Wire Character Viewer */,
				3D802D87220B4775009A34B5 /* Simpsons Character Viewer */,
			);
		};
/* End PBXProject section */

/* Begin PBXResourcesBuildPhase section */
		3D802D6E220B4705009A34B5 /* Resources */ = {
			isa = PBXResourcesBuildPhase;
			buildActionMask = 2147483647;
			files = (
				3D1463C0220CD11800BE1E0F /* Config.plist in Resources */,
				040D4B70220E9AD500106F1B /* CharactersTableViewHeaderFooterView.xib in Resources */,
				3D802D7F220B4706009A34B5 /* LaunchScreen.storyboard in Resources */,
				3D802D7C220B4706009A34B5 /* Assets.xcassets in Resources */,
				040D4B7A2210A53000106F1B /* CharacterCollectionViewCell.xib in Resources */,
				3D802D7A220B4705009A34B5 /* Main.storyboard in Resources */,
			);
			runOnlyForDeploymentPostprocessing = 0;
		};
		3D802D86220B4775009A34B5 /* Resources */ = {
			isa = PBXResourcesBuildPhase;
			buildActionMask = 2147483647;
			files = (
				3D802D97220B4776009A34B5 /* LaunchScreen.storyboard in Resources */,
				3D802D94220B4776009A34B5 /* Assets.xcassets in Resources */,
				3D802D92220B4775009A34B5 /* Main.storyboard in Resources */,
			);
			runOnlyForDeploymentPostprocessing = 0;
		};
/* End PBXResourcesBuildPhase section */

/* Begin PBXSourcesBuildPhase section */
		3D802D6C220B4705009A34B5 /* Sources */ = {
			isa = PBXSourcesBuildPhase;
			buildActionMask = 2147483647;
			files = (
				040D4B742210879500106F1B /* CharactersListViewController.swift in Sources */,
				040D4B762210990700106F1B /* CharactersGalleryViewController.swift in Sources */,
				3DCEEECE220B6CC90025B3B4 /* TheWireCharacter+CoreDataProperties.swift in Sources */,
				3D1AB042220B97BD0056C9C1 /* CharacterViewModel.swift in Sources */,
				044639E222110E9F0071F49D /* FavoriteTableViewCell.swift in Sources */,
				3DCEEEB6220B4E720025B3B4 /* TheWireDataModel.xcdatamodeld in Sources */,
				3D802D77220B4705009A34B5 /* FavoriteViewController.swift in Sources */,
				040D4B792210A53000106F1B /* CharacterCollectionViewCell.swift in Sources */,
				040D4B6E220E9A6800106F1B /* CharactersTableViewHeaderFooterView.swift in Sources */,
				3DCEEECD220B6CC90025B3B4 /* TheWireCharacter+CoreDataClass.swift in Sources */,
				3DAB93A2220CCE6300B23ACA /* Config.swift in Sources */,
				040D4B72220FE38D00106F1B /* MasterViewController.swift in Sources */,
				3D802D73220B4705009A34B5 /* AppDelegate.swift in Sources */,
				04B8CAFD220CDBCE00B870FB /* CharacterCellTableViewCell.swift in Sources */,
				3D802D75220B4705009A34B5 /* FirstViewController.swift in Sources */,
			);
			runOnlyForDeploymentPostprocessing = 0;
		};
		3D802D84220B4775009A34B5 /* Sources */ = {
			isa = PBXSourcesBuildPhase;
			buildActionMask = 2147483647;
			files = (
				3D802D8F220B4775009A34B5 /* SecondViewController.swift in Sources */,
				3DCEEEBD220B53D30025B3B4 /* SimpsonsDataModel.xcdatamodeld in Sources */,
				3D802D8B220B4775009A34B5 /* AppDelegate.swift in Sources */,
				3DCEEEC5220B56960025B3B4 /* SimpsonsCharacter+CoreDataProperties.swift in Sources */,
				3DCEEEC4220B56960025B3B4 /* SimpsonsCharacter+CoreDataClass.swift in Sources */,
				3D802D8D220B4775009A34B5 /* FirstViewController.swift in Sources */,
			);
			runOnlyForDeploymentPostprocessing = 0;
		};
/* End PBXSourcesBuildPhase section */

/* Begin PBXVariantGroup section */
		3D802D78220B4705009A34B5 /* Main.storyboard */ = {
			isa = PBXVariantGroup;
			children = (
				3D802D79220B4705009A34B5 /* Base */,
			);
			name = Main.storyboard;
			sourceTree = "<group>";
		};
		3D802D7D220B4706009A34B5 /* LaunchScreen.storyboard */ = {
			isa = PBXVariantGroup;
			children = (
				3D802D7E220B4706009A34B5 /* Base */,
			);
			name = LaunchScreen.storyboard;
			sourceTree = "<group>";
		};
		3D802D90220B4775009A34B5 /* Main.storyboard */ = {
			isa = PBXVariantGroup;
			children = (
				3D802D91220B4775009A34B5 /* Base */,
			);
			name = Main.storyboard;
			sourceTree = "<group>";
		};
		3D802D95220B4776009A34B5 /* LaunchScreen.storyboard */ = {
			isa = PBXVariantGroup;
			children = (
				3D802D96220B4776009A34B5 /* Base */,
			);
			name = LaunchScreen.storyboard;
			sourceTree = "<group>";
		};
/* End PBXVariantGroup section */

/* Begin XCBuildConfiguration section */
		3D802D67220B46A0009A34B5 /* Debug */ = {
			isa = XCBuildConfiguration;
			buildSettings = {
				ALWAYS_SEARCH_USER_PATHS = NO;
				CLANG_ANALYZER_NONNULL = YES;
				CLANG_ANALYZER_NUMBER_OBJECT_CONVERSION = YES_AGGRESSIVE;
				CLANG_CXX_LANGUAGE_STANDARD = "gnu++14";
				CLANG_CXX_LIBRARY = "libc++";
				CLANG_ENABLE_MODULES = YES;
				CLANG_ENABLE_OBJC_ARC = YES;
				CLANG_ENABLE_OBJC_WEAK = YES;
				CLANG_WARN_BLOCK_CAPTURE_AUTORELEASING = YES;
				CLANG_WARN_BOOL_CONVERSION = YES;
				CLANG_WARN_COMMA = YES;
				CLANG_WARN_CONSTANT_CONVERSION = YES;
				CLANG_WARN_DEPRECATED_OBJC_IMPLEMENTATIONS = YES;
				CLANG_WARN_DIRECT_OBJC_ISA_USAGE = YES_ERROR;
				CLANG_WARN_DOCUMENTATION_COMMENTS = YES;
				CLANG_WARN_EMPTY_BODY = YES;
				CLANG_WARN_ENUM_CONVERSION = YES;
				CLANG_WARN_INFINITE_RECURSION = YES;
				CLANG_WARN_INT_CONVERSION = YES;
				CLANG_WARN_NON_LITERAL_NULL_CONVERSION = YES;
				CLANG_WARN_OBJC_IMPLICIT_RETAIN_SELF = YES;
				CLANG_WARN_OBJC_LITERAL_CONVERSION = YES;
				CLANG_WARN_OBJC_ROOT_CLASS = YES_ERROR;
				CLANG_WARN_RANGE_LOOP_ANALYSIS = YES;
				CLANG_WARN_STRICT_PROTOTYPES = YES;
				CLANG_WARN_SUSPICIOUS_MOVE = YES;
				CLANG_WARN_UNGUARDED_AVAILABILITY = YES_AGGRESSIVE;
				CLANG_WARN_UNREACHABLE_CODE = YES;
				CLANG_WARN__DUPLICATE_METHOD_MATCH = YES;
				CODE_SIGN_IDENTITY = "iPhone Developer";
				COPY_PHASE_STRIP = NO;
				DEBUG_INFORMATION_FORMAT = dwarf;
				ENABLE_STRICT_OBJC_MSGSEND = YES;
				ENABLE_TESTABILITY = YES;
				GCC_C_LANGUAGE_STANDARD = gnu11;
				GCC_DYNAMIC_NO_PIC = NO;
				GCC_NO_COMMON_BLOCKS = YES;
				GCC_OPTIMIZATION_LEVEL = 0;
				GCC_PREPROCESSOR_DEFINITIONS = (
					"DEBUG=1",
					"$(inherited)",
				);
				GCC_WARN_64_TO_32_BIT_CONVERSION = YES;
				GCC_WARN_ABOUT_RETURN_TYPE = YES_ERROR;
				GCC_WARN_UNDECLARED_SELECTOR = YES;
				GCC_WARN_UNINITIALIZED_AUTOS = YES_AGGRESSIVE;
				GCC_WARN_UNUSED_FUNCTION = YES;
				GCC_WARN_UNUSED_VARIABLE = YES;
				IPHONEOS_DEPLOYMENT_TARGET = 12.1;
				MTL_ENABLE_DEBUG_INFO = INCLUDE_SOURCE;
				MTL_FAST_MATH = YES;
				ONLY_ACTIVE_ARCH = YES;
				SDKROOT = iphoneos;
				SWIFT_ACTIVE_COMPILATION_CONDITIONS = DEBUG;
				SWIFT_OPTIMIZATION_LEVEL = "-Onone";
			};
			name = Debug;
		};
		3D802D68220B46A0009A34B5 /* Release */ = {
			isa = XCBuildConfiguration;
			buildSettings = {
				ALWAYS_SEARCH_USER_PATHS = NO;
				CLANG_ANALYZER_NONNULL = YES;
				CLANG_ANALYZER_NUMBER_OBJECT_CONVERSION = YES_AGGRESSIVE;
				CLANG_CXX_LANGUAGE_STANDARD = "gnu++14";
				CLANG_CXX_LIBRARY = "libc++";
				CLANG_ENABLE_MODULES = YES;
				CLANG_ENABLE_OBJC_ARC = YES;
				CLANG_ENABLE_OBJC_WEAK = YES;
				CLANG_WARN_BLOCK_CAPTURE_AUTORELEASING = YES;
				CLANG_WARN_BOOL_CONVERSION = YES;
				CLANG_WARN_COMMA = YES;
				CLANG_WARN_CONSTANT_CONVERSION = YES;
				CLANG_WARN_DEPRECATED_OBJC_IMPLEMENTATIONS = YES;
				CLANG_WARN_DIRECT_OBJC_ISA_USAGE = YES_ERROR;
				CLANG_WARN_DOCUMENTATION_COMMENTS = YES;
				CLANG_WARN_EMPTY_BODY = YES;
				CLANG_WARN_ENUM_CONVERSION = YES;
				CLANG_WARN_INFINITE_RECURSION = YES;
				CLANG_WARN_INT_CONVERSION = YES;
				CLANG_WARN_NON_LITERAL_NULL_CONVERSION = YES;
				CLANG_WARN_OBJC_IMPLICIT_RETAIN_SELF = YES;
				CLANG_WARN_OBJC_LITERAL_CONVERSION = YES;
				CLANG_WARN_OBJC_ROOT_CLASS = YES_ERROR;
				CLANG_WARN_RANGE_LOOP_ANALYSIS = YES;
				CLANG_WARN_STRICT_PROTOTYPES = YES;
				CLANG_WARN_SUSPICIOUS_MOVE = YES;
				CLANG_WARN_UNGUARDED_AVAILABILITY = YES_AGGRESSIVE;
				CLANG_WARN_UNREACHABLE_CODE = YES;
				CLANG_WARN__DUPLICATE_METHOD_MATCH = YES;
				CODE_SIGN_IDENTITY = "iPhone Developer";
				COPY_PHASE_STRIP = NO;
				DEBUG_INFORMATION_FORMAT = "dwarf-with-dsym";
				ENABLE_NS_ASSERTIONS = NO;
				ENABLE_STRICT_OBJC_MSGSEND = YES;
				GCC_C_LANGUAGE_STANDARD = gnu11;
				GCC_NO_COMMON_BLOCKS = YES;
				GCC_WARN_64_TO_32_BIT_CONVERSION = YES;
				GCC_WARN_ABOUT_RETURN_TYPE = YES_ERROR;
				GCC_WARN_UNDECLARED_SELECTOR = YES;
				GCC_WARN_UNINITIALIZED_AUTOS = YES_AGGRESSIVE;
				GCC_WARN_UNUSED_FUNCTION = YES;
				GCC_WARN_UNUSED_VARIABLE = YES;
				IPHONEOS_DEPLOYMENT_TARGET = 12.1;
				MTL_ENABLE_DEBUG_INFO = NO;
				MTL_FAST_MATH = YES;
				SDKROOT = iphoneos;
				SWIFT_COMPILATION_MODE = wholemodule;
				SWIFT_OPTIMIZATION_LEVEL = "-O";
				VALIDATE_PRODUCT = YES;
			};
			name = Release;
		};
		3D802D82220B4706009A34B5 /* Debug */ = {
			isa = XCBuildConfiguration;
			buildSettings = {
				ASSETCATALOG_COMPILER_APPICON_NAME = AppIcon;
				CODE_SIGN_STYLE = Automatic;
				DEVELOPMENT_TEAM = 7EY6XT5B68;
				INFOPLIST_FILE = "The Wire Character Viewer/Info.plist";
				LD_RUNPATH_SEARCH_PATHS = (
					"$(inherited)",
					"@executable_path/Frameworks",
				);
				PRODUCT_BUNDLE_IDENTIFIER = "com.xfinity.wireviewer2.The-Wire-Character-Viewer";
				PRODUCT_NAME = "$(TARGET_NAME)";
				SWIFT_VERSION = 4.2;
				TARGETED_DEVICE_FAMILY = "1,2";
			};
			name = Debug;
		};
		3D802D83220B4706009A34B5 /* Release */ = {
			isa = XCBuildConfiguration;
			buildSettings = {
				ASSETCATALOG_COMPILER_APPICON_NAME = AppIcon;
				CODE_SIGN_STYLE = Automatic;
				DEVELOPMENT_TEAM = 7EY6XT5B68;
				INFOPLIST_FILE = "The Wire Character Viewer/Info.plist";
				LD_RUNPATH_SEARCH_PATHS = (
					"$(inherited)",
					"@executable_path/Frameworks",
				);
				PRODUCT_BUNDLE_IDENTIFIER = "com.xfinity.wireviewer2.The-Wire-Character-Viewer";
				PRODUCT_NAME = "$(TARGET_NAME)";
				SWIFT_VERSION = 4.2;
				TARGETED_DEVICE_FAMILY = "1,2";
			};
			name = Release;
		};
		3D802D9A220B4776009A34B5 /* Debug */ = {
			isa = XCBuildConfiguration;
			buildSettings = {
				ASSETCATALOG_COMPILER_APPICON_NAME = AppIcon;
				CODE_SIGN_STYLE = Automatic;
				DEVELOPMENT_TEAM = 7EY6XT5B68;
				INFOPLIST_FILE = "Simpsons Character Viewer/Info.plist";
				LD_RUNPATH_SEARCH_PATHS = (
					"$(inherited)",
					"@executable_path/Frameworks",
				);
				PRODUCT_BUNDLE_IDENTIFIER = "com.xfinity.simpsonsviewer.Simpsons-Character-Viewer";
				PRODUCT_NAME = "$(TARGET_NAME)";
				SWIFT_VERSION = 4.2;
				TARGETED_DEVICE_FAMILY = "1,2";
			};
			name = Debug;
		};
		3D802D9B220B4776009A34B5 /* Release */ = {
			isa = XCBuildConfiguration;
			buildSettings = {
				ASSETCATALOG_COMPILER_APPICON_NAME = AppIcon;
				CODE_SIGN_STYLE = Automatic;
				DEVELOPMENT_TEAM = 7EY6XT5B68;
				INFOPLIST_FILE = "Simpsons Character Viewer/Info.plist";
				LD_RUNPATH_SEARCH_PATHS = (
					"$(inherited)",
					"@executable_path/Frameworks",
				);
				PRODUCT_BUNDLE_IDENTIFIER = "com.xfinity.simpsonsviewer.Simpsons-Character-Viewer";
				PRODUCT_NAME = "$(TARGET_NAME)";
				SWIFT_VERSION = 4.2;
				TARGETED_DEVICE_FAMILY = "1,2";
			};
			name = Release;
		};
/* End XCBuildConfiguration section */

/* Begin XCConfigurationList section */
		3D802D50220B469F009A34B5 /* Build configuration list for PBXProject "CharacterViewer" */ = {
			isa = XCConfigurationList;
			buildConfigurations = (
				3D802D67220B46A0009A34B5 /* Debug */,
				3D802D68220B46A0009A34B5 /* Release */,
			);
			defaultConfigurationIsVisible = 0;
			defaultConfigurationName = Release;
		};
		3D802D81220B4706009A34B5 /* Build configuration list for PBXNativeTarget "The Wire Character Viewer" */ = {
			isa = XCConfigurationList;
			buildConfigurations = (
				3D802D82220B4706009A34B5 /* Debug */,
				3D802D83220B4706009A34B5 /* Release */,
			);
			defaultConfigurationIsVisible = 0;
			defaultConfigurationName = Release;
		};
		3D802D99220B4776009A34B5 /* Build configuration list for PBXNativeTarget "Simpsons Character Viewer" */ = {
			isa = XCConfigurationList;
			buildConfigurations = (
				3D802D9A220B4776009A34B5 /* Debug */,
				3D802D9B220B4776009A34B5 /* Release */,
			);
			defaultConfigurationIsVisible = 0;
			defaultConfigurationName = Release;
		};
/* End XCConfigurationList section */

/* Begin XCVersionGroup section */
		3DCEEEB4220B4E720025B3B4 /* TheWireDataModel.xcdatamodeld */ = {
			isa = XCVersionGroup;
			children = (
				3DCEEEB5220B4E720025B3B4 /* TheWireDataModel.xcdatamodel */,
			);
			currentVersion = 3DCEEEB5220B4E720025B3B4 /* TheWireDataModel.xcdatamodel */;
			path = TheWireDataModel.xcdatamodeld;
			sourceTree = "<group>";
			versionGroupType = wrapper.xcdatamodel;
		};
		3DCEEEBB220B53D30025B3B4 /* SimpsonsDataModel.xcdatamodeld */ = {
			isa = XCVersionGroup;
			children = (
				3DCEEEBC220B53D30025B3B4 /* SimpsonsDataModel.xcdatamodel */,
			);
			currentVersion = 3DCEEEBC220B53D30025B3B4 /* SimpsonsDataModel.xcdatamodel */;
			path = SimpsonsDataModel.xcdatamodeld;
			sourceTree = "<group>";
			versionGroupType = wrapper.xcdatamodel;
		};
/* End XCVersionGroup section */
	};
	rootObject = 3D802D4D220B469F009A34B5 /* Project object */;
}
